
Microsoft Visual Studio Solution File, Format Version 12.00
# Visual Studio 14
VisualStudioVersion = 14.0.25420.1
MinimumVisualStudioVersion = 10.0.40219.1
Project("{FAE04EC0-301F-11D3-BF4B-00C04F79EFBC}") = "MachineMon.Web", "MachineMon\MachineMon.Web.csproj", "{0A264FE2-3699-44C3-8923-53662D88F504}"
EndProject
Project("{FAE04EC0-301F-11D3-BF4B-00C04F79EFBC}") = "MachineMon.Repository.Dapper", "MachineMon.DataAccess\MachineMon.Repository.Dapper.csproj", "{4A73DAAF-C374-4C5D-B8A1-FE20077DD559}"
EndProject
Project("{2150E333-8FDC-42A3-9474-1A3956D46DE8}") = "Infrastructure", "Infrastructure", "{C4F0A539-B3FB-4406-A1B3-47D6F80D75D5}"
EndProject
Project("{888888A0-9F3D-457C-B088-3A5042F75D52}") = "MachineMon.Client", "MachineMon.Client\MachineMon.Client.pyproj", "{E52263F1-F564-45BE-B246-0B26186C3AD1}"
EndProject
Project("{2150E333-8FDC-42A3-9474-1A3956D46DE8}") = "Core", "Core", "{A77A302F-9620-4A84-B248-29E0A3AA9971}"
EndProject
Project("{FAE04EC0-301F-11D3-BF4B-00C04F79EFBC}") = "MachineMon.Core", "MachineMon.DomainEntities\MachineMon.Core.csproj", "{1BFE599E-DEAC-41CF-A174-9216CDCBFB43}"
EndProject
Global
	GlobalSection(SolutionConfigurationPlatforms) = preSolution
		Debug|Any CPU = Debug|Any CPU
		Release|Any CPU = Release|Any CPU
	EndGlobalSection
	GlobalSection(ProjectConfigurationPlatforms) = postSolution
		{0A264FE2-3699-44C3-8923-53662D88F504}.Debug|Any CPU.ActiveCfg = Debug|Any CPU
		{0A264FE2-3699-44C3-8923-53662D88F504}.Debug|Any CPU.Build.0 = Debug|Any CPU
		{0A264FE2-3699-44C3-8923-53662D88F504}.Release|Any CPU.ActiveCfg = Release|Any CPU
		{0A264FE2-3699-44C3-8923-53662D88F504}.Release|Any CPU.Build.0 = Release|Any CPU
		{4A73DAAF-C374-4C5D-B8A1-FE20077DD559}.Debug|Any CPU.ActiveCfg = Debug|Any CPU
		{4A73DAAF-C374-4C5D-B8A1-FE20077DD559}.Debug|Any CPU.Build.0 = Debug|Any CPU
		{4A73DAAF-C374-4C5D-B8A1-FE20077DD559}.Release|Any CPU.ActiveCfg = Release|Any CPU
		{4A73DAAF-C374-4C5D-B8A1-FE20077DD559}.Release|Any CPU.Build.0 = Release|Any CPU
		{E52263F1-F564-45BE-B246-0B26186C3AD1}.Debug|Any CPU.ActiveCfg = Debug|Any CPU
		{E52263F1-F564-45BE-B246-0B26186C3AD1}.Release|Any CPU.ActiveCfg = Release|Any CPU
		{1BFE599E-DEAC-41CF-A174-9216CDCBFB43}.Debug|Any CPU.ActiveCfg = Debug|Any CPU
		{1BFE599E-DEAC-41CF-A174-9216CDCBFB43}.Debug|Any CPU.Build.0 = Debug|Any CPU
		{1BFE599E-DEAC-41CF-A174-9216CDCBFB43}.Release|Any CPU.ActiveCfg = Release|Any CPU
		{1BFE599E-DEAC-41CF-A174-9216CDCBFB43}.Release|Any CPU.Build.0 = Release|Any CPU
	EndGlobalSection
	GlobalSection(SolutionProperties) = preSolution
		HideSolutionNode = FALSE
	EndGlobalSection
	GlobalSection(NestedProjects) = preSolution
		{0A264FE2-3699-44C3-8923-53662D88F504} = {C4F0A539-B3FB-4406-A1B3-47D6F80D75D5}
		{4A73DAAF-C374-4C5D-B8A1-FE20077DD559} = {C4F0A539-B3FB-4406-A1B3-47D6F80D75D5}
		{E52263F1-F564-45BE-B246-0B26186C3AD1} = {C4F0A539-B3FB-4406-A1B3-47D6F80D75D5}
		{1BFE599E-DEAC-41CF-A174-9216CDCBFB43} = {A77A302F-9620-4A84-B248-29E0A3AA9971}
	EndGlobalSection
EndGlobal
